
Microsoft Visual Studio Solution File, Format Version 12.00
# Visual Studio Version 17
VisualStudioVersion = 17.11.35327.3
MinimumVisualStudioVersion = 10.0.40219.1
Project("{FAE04EC0-301F-11D3-BF4B-00C04F79EFBC}") = "UbicaTec", "UbicaTec.csproj", "{ECA51D61-5304-418A-A3BF-91DEC7CF969E}"
EndProject
Global
	GlobalSection(SolutionConfigurationPlatforms) = preSolution
		Debug|Any CPU = Debug|Any CPU
		Release|Any CPU = Release|Any CPU
	EndGlobalSection
	GlobalSection(ProjectConfigurationPlatforms) = postSolution
		{ECA51D61-5304-418A-A3BF-91DEC7CF969E}.Debug|Any CPU.ActiveCfg = Debug|Any CPU
		{ECA51D61-5304-418A-A3BF-91DEC7CF969E}.Debug|Any CPU.Build.0 = Debug|Any CPU
		{ECA51D61-5304-418A-A3BF-91DEC7CF969E}.Release|Any CPU.ActiveCfg = Release|Any CPU
		{ECA51D61-5304-418A-A3BF-91DEC7CF969E}.Release|Any CPU.Build.0 = Release|Any CPU
	EndGlobalSection
	GlobalSection(SolutionProperties) = preSolution
		HideSolutionNode = FALSE
	EndGlobalSection
	GlobalSection(ExtensibilityGlobals) = postSolution
		SolutionGuid = {0E09BC5B-F8FA-488D-B06C-6036677E9AE9}
	EndGlobalSection
EndGlobal
